
Microsoft Visual Studio Solution File, Format Version 12.00
# Visual Studio Version 17
VisualStudioVersion = 17.0.32126.317
MinimumVisualStudioVersion = 10.0.40219.1
Project("{9A19103F-16F7-4668-BE54-9A1E7A4F7556}") = "GitLurker.UI", "src\GitLurker.UI\GitLurker.UI.csproj", "{308A97B8-F14D-482E-ACC3-E81AB3D5C8AE}"
EndProject
Project("{9A19103F-16F7-4668-BE54-9A1E7A4F7556}") = "GitLurker.Core", "src\GitLurker.Core\GitLurker.Core.csproj", "{A1C0CC3F-B407-4EE5-B596-CFFF24D2430E}"
EndProject
Project("{2150E333-8FDC-42A3-9474-1A3956D46DE8}") = "Solution Items", "Solution Items", "{30BEBF55-70F3-4345-ACD3-11278AE82580}"
	ProjectSection(SolutionItems) = preProject
		.editorconfig = .editorconfig
		Patrons.csv = Patrons.csv
		update.bat = update.bat
	EndProjectSection
EndProject
Project("{C7167F0D-BC9F-4E6E-AFE1-012C56B48DB5}") = "GitLurker.Package", "src\GitLurker.Package\GitLurker.Package.wapproj", "{0E48927B-978A-4AD1-8E8E-16EF0F2D25AF}"
EndProject
Global
	GlobalSection(SolutionConfigurationPlatforms) = preSolution
		Debug|Any CPU = Debug|Any CPU
		Debug|ARM = Debug|ARM
		Debug|ARM64 = Debug|ARM64
		Debug|x64 = Debug|x64
		Debug|x86 = Debug|x86
		Release|Any CPU = Release|Any CPU
		Release|ARM = Release|ARM
		Release|ARM64 = Release|ARM64
		Release|x64 = Release|x64
		Release|x86 = Release|x86
	EndGlobalSection
	GlobalSection(ProjectConfigurationPlatforms) = postSolution
		{308A97B8-F14D-482E-ACC3-E81AB3D5C8AE}.Debug|Any CPU.ActiveCfg = Debug|Any CPU
		{308A97B8-F14D-482E-ACC3-E81AB3D5C8AE}.Debug|Any CPU.Build.0 = Debug|Any CPU
		{308A97B8-F14D-482E-ACC3-E81AB3D5C8AE}.Debug|ARM.ActiveCfg = Debug|Any CPU
		{308A97B8-F14D-482E-ACC3-E81AB3D5C8AE}.Debug|ARM.Build.0 = Debug|Any CPU
		{308A97B8-F14D-482E-ACC3-E81AB3D5C8AE}.Debug|ARM64.ActiveCfg = Debug|Any CPU
		{308A97B8-F14D-482E-ACC3-E81AB3D5C8AE}.Debug|ARM64.Build.0 = Debug|Any CPU
		{308A97B8-F14D-482E-ACC3-E81AB3D5C8AE}.Debug|x64.ActiveCfg = Debug|Any CPU
		{308A97B8-F14D-482E-ACC3-E81AB3D5C8AE}.Debug|x64.Build.0 = Debug|Any CPU
		{308A97B8-F14D-482E-ACC3-E81AB3D5C8AE}.Debug|x86.ActiveCfg = Debug|Any CPU
		{308A97B8-F14D-482E-ACC3-E81AB3D5C8AE}.Debug|x86.Build.0 = Debug|Any CPU
		{308A97B8-F14D-482E-ACC3-E81AB3D5C8AE}.Release|Any CPU.ActiveCfg = Release|Any CPU
		{308A97B8-F14D-482E-ACC3-E81AB3D5C8AE}.Release|Any CPU.Build.0 = Release|Any CPU
		{308A97B8-F14D-482E-ACC3-E81AB3D5C8AE}.Release|ARM.ActiveCfg = Release|Any CPU
		{308A97B8-F14D-482E-ACC3-E81AB3D5C8AE}.Release|ARM.Build.0 = Release|Any CPU
		{308A97B8-F14D-482E-ACC3-E81AB3D5C8AE}.Release|ARM64.ActiveCfg = Release|Any CPU
		{308A97B8-F14D-482E-ACC3-E81AB3D5C8AE}.Release|ARM64.Build.0 = Release|Any CPU
		{308A97B8-F14D-482E-ACC3-E81AB3D5C8AE}.Release|x64.ActiveCfg = Release|x64
		{308A97B8-F14D-482E-ACC3-E81AB3D5C8AE}.Release|x64.Build.0 = Release|x64
		{308A97B8-F14D-482E-ACC3-E81AB3D5C8AE}.Release|x86.ActiveCfg = Release|x86
		{308A97B8-F14D-482E-ACC3-E81AB3D5C8AE}.Release|x86.Build.0 = Release|x86
		{A1C0CC3F-B407-4EE5-B596-CFFF24D2430E}.Debug|Any CPU.ActiveCfg = Debug|Any CPU
		{A1C0CC3F-B407-4EE5-B596-CFFF24D2430E}.Debug|Any CPU.Build.0 = Debug|Any CPU
		{A1C0CC3F-B407-4EE5-B596-CFFF24D2430E}.Debug|ARM.ActiveCfg = Debug|Any CPU
		{A1C0CC3F-B407-4EE5-B596-CFFF24D2430E}.Debug|ARM.Build.0 = Debug|Any CPU
		{A1C0CC3F-B407-4EE5-B596-CFFF24D2430E}.Debug|ARM64.ActiveCfg = Debug|Any CPU
		{A1C0CC3F-B407-4EE5-B596-CFFF24D2430E}.Debug|ARM64.Build.0 = Debug|Any CPU
		{A1C0CC3F-B407-4EE5-B596-CFFF24D2430E}.Debug|x64.ActiveCfg = Debug|Any CPU
		{A1C0CC3F-B407-4EE5-B596-CFFF24D2430E}.Debug|x64.Build.0 = Debug|Any CPU
		{A1C0CC3F-B407-4EE5-B596-CFFF24D2430E}.Debug|x86.ActiveCfg = Debug|Any CPU
		{A1C0CC3F-B407-4EE5-B596-CFFF24D2430E}.Debug|x86.Build.0 = Debug|Any CPU
		{A1C0CC3F-B407-4EE5-B596-CFFF24D2430E}.Release|Any CPU.ActiveCfg = Release|Any CPU
		{A1C0CC3F-B407-4EE5-B596-CFFF24D2430E}.Release|Any CPU.Build.0 = Release|Any CPU
		{A1C0CC3F-B407-4EE5-B596-CFFF24D2430E}.Release|ARM.ActiveCfg = Release|Any CPU
		{A1C0CC3F-B407-4EE5-B596-CFFF24D2430E}.Release|ARM.Build.0 = Release|Any CPU
		{A1C0CC3F-B407-4EE5-B596-CFFF24D2430E}.Release|ARM64.ActiveCfg = Release|Any CPU
		{A1C0CC3F-B407-4EE5-B596-CFFF24D2430E}.Release|ARM64.Build.0 = Release|Any CPU
		{A1C0CC3F-B407-4EE5-B596-CFFF24D2430E}.Release|x64.ActiveCfg = Release|x64
		{A1C0CC3F-B407-4EE5-B596-CFFF24D2430E}.Release|x64.Build.0 = Release|x64
		{A1C0CC3F-B407-4EE5-B596-CFFF24D2430E}.Release|x86.ActiveCfg = Release|x86
		{A1C0CC3F-B407-4EE5-B596-CFFF24D2430E}.Release|x86.Build.0 = Release|x86
		{0E48927B-978A-4AD1-8E8E-16EF0F2D25AF}.Debug|Any CPU.ActiveCfg = Debug|Any CPU
		{0E48927B-978A-4AD1-8E8E-16EF0F2D25AF}.Debug|Any CPU.Build.0 = Debug|Any CPU
		{0E48927B-978A-4AD1-8E8E-16EF0F2D25AF}.Debug|Any CPU.Deploy.0 = Debug|Any CPU
		{0E48927B-978A-4AD1-8E8E-16EF0F2D25AF}.Debug|ARM.ActiveCfg = Debug|ARM
		{0E48927B-978A-4AD1-8E8E-16EF0F2D25AF}.Debug|ARM.Build.0 = Debug|ARM
		{0E48927B-978A-4AD1-8E8E-16EF0F2D25AF}.Debug|ARM.Deploy.0 = Debug|ARM
		{0E48927B-978A-4AD1-8E8E-16EF0F2D25AF}.Debug|ARM64.ActiveCfg = Debug|ARM64
		{0E48927B-978A-4AD1-8E8E-16EF0F2D25AF}.Debug|ARM64.Build.0 = Debug|ARM64
		{0E48927B-978A-4AD1-8E8E-16EF0F2D25AF}.Debug|ARM64.Deploy.0 = Debug|ARM64
		{0E48927B-978A-4AD1-8E8E-16EF0F2D25AF}.Debug|x64.ActiveCfg = Debug|x64
		{0E48927B-978A-4AD1-8E8E-16EF0F2D25AF}.Debug|x64.Build.0 = Debug|x64
		{0E48927B-978A-4AD1-8E8E-16EF0F2D25AF}.Debug|x64.Deploy.0 = Debug|x64
		{0E48927B-978A-4AD1-8E8E-16EF0F2D25AF}.Debug|x86.ActiveCfg = Debug|x86
		{0E48927B-978A-4AD1-8E8E-16EF0F2D25AF}.Debug|x86.Build.0 = Debug|x86
		{0E48927B-978A-4AD1-8E8E-16EF0F2D25AF}.Debug|x86.Deploy.0 = Debug|x86
		{0E48927B-978A-4AD1-8E8E-16EF0F2D25AF}.Release|Any CPU.ActiveCfg = Release|Any CPU
		{0E48927B-978A-4AD1-8E8E-16EF0F2D25AF}.Release|Any CPU.Build.0 = Release|Any CPU
		{0E48927B-978A-4AD1-8E8E-16EF0F2D25AF}.Release|Any CPU.Deploy.0 = Release|Any CPU
		{0E48927B-978A-4AD1-8E8E-16EF0F2D25AF}.Release|ARM.ActiveCfg = Release|ARM
		{0E48927B-978A-4AD1-8E8E-16EF0F2D25AF}.Release|ARM.Build.0 = Release|ARM
		{0E48927B-978A-4AD1-8E8E-16EF0F2D25AF}.Release|ARM.Deploy.0 = Release|ARM
		{0E48927B-978A-4AD1-8E8E-16EF0F2D25AF}.Release|ARM64.ActiveCfg = Release|ARM64
		{0E48927B-978A-4AD1-8E8E-16EF0F2D25AF}.Release|ARM64.Build.0 = Release|ARM64
		{0E48927B-978A-4AD1-8E8E-16EF0F2D25AF}.Release|ARM64.Deploy.0 = Release|ARM64
		{0E48927B-978A-4AD1-8E8E-16EF0F2D25AF}.Release|x64.ActiveCfg = Release|x64
		{0E48927B-978A-4AD1-8E8E-16EF0F2D25AF}.Release|x64.Build.0 = Release|x64
		{0E48927B-978A-4AD1-8E8E-16EF0F2D25AF}.Release|x64.Deploy.0 = Release|x64
		{0E48927B-978A-4AD1-8E8E-16EF0F2D25AF}.Release|x86.ActiveCfg = Release|x86
		{0E48927B-978A-4AD1-8E8E-16EF0F2D25AF}.Release|x86.Build.0 = Release|x86
		{0E48927B-978A-4AD1-8E8E-16EF0F2D25AF}.Release|x86.Deploy.0 = Release|x86
	EndGlobalSection
	GlobalSection(SolutionProperties) = preSolution
		HideSolutionNode = FALSE
	EndGlobalSection
	GlobalSection(ExtensibilityGlobals) = postSolution
		color = Red
		SolutionGuid = {FF501629-AFF0-40EA-AB2F-20CC992D603A}
	EndGlobalSection
EndGlobal
