
Microsoft Visual Studio Solution File, Format Version 12.00
# Visual Studio Version 17
VisualStudioVersion = 17.0.32126.317
MinimumVisualStudioVersion = 10.0.40219.1
Project("{9A19103F-16F7-4668-BE54-9A1E7A4F7556}") = "GitLurker.UI", "src\GitLurker.UI\GitLurker.UI.csproj", "{308A97B8-F14D-482E-ACC3-E81AB3D5C8AE}"
EndProject
Project("{9A19103F-16F7-4668-BE54-9A1E7A4F7556}") = "GitLurker.Core", "src\GitLurker\GitLurker.Core.csproj", "{A1C0CC3F-B407-4EE5-B596-CFFF24D2430E}"
EndProject
Project("{2150E333-8FDC-42A3-9474-1A3956D46DE8}") = "Solution Items", "Solution Items", "{30BEBF55-70F3-4345-ACD3-11278AE82580}"
	ProjectSection(SolutionItems) = preProject
		.editorconfig = .editorconfig
	EndProjectSection
EndProject
Global
	GlobalSection(SolutionConfigurationPlatforms) = preSolution
		Debug|Any CPU = Debug|Any CPU
		Release|Any CPU = Release|Any CPU
	EndGlobalSection
	GlobalSection(ProjectConfigurationPlatforms) = postSolution
		{308A97B8-F14D-482E-ACC3-E81AB3D5C8AE}.Debug|Any CPU.ActiveCfg = Debug|Any CPU
		{308A97B8-F14D-482E-ACC3-E81AB3D5C8AE}.Debug|Any CPU.Build.0 = Debug|Any CPU
		{308A97B8-F14D-482E-ACC3-E81AB3D5C8AE}.Release|Any CPU.ActiveCfg = Release|Any CPU
		{308A97B8-F14D-482E-ACC3-E81AB3D5C8AE}.Release|Any CPU.Build.0 = Release|Any CPU
		{A1C0CC3F-B407-4EE5-B596-CFFF24D2430E}.Debug|Any CPU.ActiveCfg = Debug|Any CPU
		{A1C0CC3F-B407-4EE5-B596-CFFF24D2430E}.Debug|Any CPU.Build.0 = Debug|Any CPU
		{A1C0CC3F-B407-4EE5-B596-CFFF24D2430E}.Release|Any CPU.ActiveCfg = Release|Any CPU
		{A1C0CC3F-B407-4EE5-B596-CFFF24D2430E}.Release|Any CPU.Build.0 = Release|Any CPU
	EndGlobalSection
	GlobalSection(SolutionProperties) = preSolution
		HideSolutionNode = FALSE
	EndGlobalSection
	GlobalSection(ExtensibilityGlobals) = postSolution
		SolutionGuid = {FF501629-AFF0-40EA-AB2F-20CC992D603A}
		color = Red
	EndGlobalSection
EndGlobal
